<Solution>
  <Project Path="GolangParserCs\GolangParserCs.csproj" Type="Classic C#" />
  <Project Path="RustParserCs\RustParserCs.csproj" Type="Classic C#" />
  <Project Path="structor\structor.fsproj" Type="Classic F#" />
  <Project Path="StructorLib\StructorLib.fsproj" Type="Classic F#" />
</Solution>